{
  "lockfile-version": 1,
  "manifest": {
    "version": 1,
    "install": {
      "go": {
        "pkg-path": "go",
        "version": "^1.23.6"
      }
    },
    "hook": {
      "on-activate": "  # Autogenerated by Flox\n\n  # Point GOENV to Flox environment cache\n  export GOENV=\"$FLOX_ENV_CACHE/goenv\"\n\n  # Install Go dependencies\n  go get .\n\n  # End autogenerated by Flox\n"
    },
    "profile": {},
    "options": {
      "systems": [
        "aarch64-darwin",
        "aarch64-linux",
        "x86_64-darwin",
        "x86_64-linux"
      ],
      "allow": {
        "licenses": []
      },
      "semver": {}
    }
  },
  "packages": [
    {
      "attr_path": "go",
      "broken": false,
      "derivation": "/nix/store/3rx89v4m5zawcv75zf4hvgixwpqqig5v-go-1.23.6.drv",
      "description": "Go Programming language",
      "install_id": "go",
      "license": "BSD-3-Clause",
      "locked_url": "https://github.com/flox/nixpkgs?rev=0196c0175e9191c474c26ab5548db27ef5d34b05",
      "name": "go-1.23.6",
      "pname": "go",
      "rev": "0196c0175e9191c474c26ab5548db27ef5d34b05",
      "rev_count": 758135,
      "rev_date": "2025-02-24T03:24:50Z",
      "scrape_date": "2025-02-25T02:25:54Z",
      "stabilities": [
        "unstable"
      ],
      "unfree": false,
      "version": "1.23.6",
      "outputs_to_install": [
        "out"
      ],
      "outputs": {
        "out": "/nix/store/yjqrp3d93mxa2g80j57whyk55xwxgl7r-go-1.23.6"
      },
      "system": "aarch64-darwin",
      "group": "toplevel",
      "priority": 5
    },
    {
      "attr_path": "go",
      "broken": false,
      "derivation": "/nix/store/nr1f8hf0p4xfj8d492fzpsbglm1c5hqc-go-1.23.6.drv",
      "description": "Go Programming language",
      "install_id": "go",
      "license": "BSD-3-Clause",
      "locked_url": "https://github.com/flox/nixpkgs?rev=0196c0175e9191c474c26ab5548db27ef5d34b05",
      "name": "go-1.23.6",
      "pname": "go",
      "rev": "0196c0175e9191c474c26ab5548db27ef5d34b05",
      "rev_count": 758135,
      "rev_date": "2025-02-24T03:24:50Z",
      "scrape_date": "2025-02-25T02:25:54Z",
      "stabilities": [
        "unstable"
      ],
      "unfree": false,
      "version": "1.23.6",
      "outputs_to_install": [
        "out"
      ],
      "outputs": {
        "out": "/nix/store/8998mrpahiciqy699yxfwaw29r89pfrm-go-1.23.6"
      },
      "system": "aarch64-linux",
      "group": "toplevel",
      "priority": 5
    },
    {
      "attr_path": "go",
      "broken": false,
      "derivation": "/nix/store/k2jg2hxgd41cj1vh4pvg1zviywh7vmnh-go-1.23.6.drv",
      "description": "Go Programming language",
      "install_id": "go",
      "license": "BSD-3-Clause",
      "locked_url": "https://github.com/flox/nixpkgs?rev=0196c0175e9191c474c26ab5548db27ef5d34b05",
      "name": "go-1.23.6",
      "pname": "go",
      "rev": "0196c0175e9191c474c26ab5548db27ef5d34b05",
      "rev_count": 758135,
      "rev_date": "2025-02-24T03:24:50Z",
      "scrape_date": "2025-02-25T02:25:54Z",
      "stabilities": [
        "unstable"
      ],
      "unfree": false,
      "version": "1.23.6",
      "outputs_to_install": [
        "out"
      ],
      "outputs": {
        "out": "/nix/store/65s6ymzbxsydbka49gr3jsv0lnybbzyc-go-1.23.6"
      },
      "system": "x86_64-darwin",
      "group": "toplevel",
      "priority": 5
    },
    {
      "attr_path": "go",
      "broken": false,
      "derivation": "/nix/store/h8r2axj3z8fdb367cmrb044jw2s75ffs-go-1.23.6.drv",
      "description": "Go Programming language",
      "install_id": "go",
      "license": "BSD-3-Clause",
      "locked_url": "https://github.com/flox/nixpkgs?rev=0196c0175e9191c474c26ab5548db27ef5d34b05",
      "name": "go-1.23.6",
      "pname": "go",
      "rev": "0196c0175e9191c474c26ab5548db27ef5d34b05",
      "rev_count": 758135,
      "rev_date": "2025-02-24T03:24:50Z",
      "scrape_date": "2025-02-25T02:25:54Z",
      "stabilities": [
        "unstable"
      ],
      "unfree": false,
      "version": "1.23.6",
      "outputs_to_install": [
        "out"
      ],
      "outputs": {
        "out": "/nix/store/8zgc91q1igzgmg36mglxrk8qa1r2dvsd-go-1.23.6"
      },
      "system": "x86_64-linux",
      "group": "toplevel",
      "priority": 5
    }
  ]
}